
Microsoft Visual Studio Solution File, Format Version 12.00
Project("{FAE04EC0-301F-11D3-BF4B-00C04F79EFBC}") = "Maui.SmartImage", "Maui.SmartImage\Maui.SmartImage.csproj", "{012C392D-B49F-4F06-9CE2-13AAF86A324F}"
EndProject
Project("{2150E333-8FDC-42A3-9474-1A3956D46DE8}") = "tests", "tests", "{0AB3BF05-4346-4AA6-1389-037BE0695223}"
EndProject
Project("{FAE04EC0-301F-11D3-BF4B-00C04F79EFBC}") = "Maui.SmartImage.Tests", "tests\Maui.SmartImage.Tests\Maui.SmartImage.Tests.csproj", "{F2B6E665-ED0E-4D64-AADB-5F3C984481DA}"
EndProject
Project("{2150E333-8FDC-42A3-9474-1A3956D46DE8}") = "samples", "samples", "{5D20AA90-6969-D8BD-9DCD-8634F4692FDA}"
EndProject
Project("{FAE04EC0-301F-11D3-BF4B-00C04F79EFBC}") = "Maui.SmartImage.Sample", "samples\Maui.SmartImage.Sample\Maui.SmartImage.Sample.csproj", "{E0860A09-FAA2-4D47-B1E2-CEBF9C6E7194}"
EndProject
Global
	GlobalSection(SolutionConfigurationPlatforms) = preSolution
		Debug|Any CPU = Debug|Any CPU
		Debug|x64 = Debug|x64
		Debug|x86 = Debug|x86
		Release|Any CPU = Release|Any CPU
		Release|x64 = Release|x64
		Release|x86 = Release|x86
	EndGlobalSection
	GlobalSection(ProjectConfigurationPlatforms) = postSolution
		{012C392D-B49F-4F06-9CE2-13AAF86A324F}.Debug|Any CPU.ActiveCfg = Debug|Any CPU
		{012C392D-B49F-4F06-9CE2-13AAF86A324F}.Debug|Any CPU.Build.0 = Debug|Any CPU
		{012C392D-B49F-4F06-9CE2-13AAF86A324F}.Debug|x64.ActiveCfg = Debug|Any CPU
		{012C392D-B49F-4F06-9CE2-13AAF86A324F}.Debug|x64.Build.0 = Debug|Any CPU
		{012C392D-B49F-4F06-9CE2-13AAF86A324F}.Debug|x86.ActiveCfg = Debug|Any CPU
		{012C392D-B49F-4F06-9CE2-13AAF86A324F}.Debug|x86.Build.0 = Debug|Any CPU
		{012C392D-B49F-4F06-9CE2-13AAF86A324F}.Release|Any CPU.ActiveCfg = Release|Any CPU
		{012C392D-B49F-4F06-9CE2-13AAF86A324F}.Release|Any CPU.Build.0 = Release|Any CPU
		{012C392D-B49F-4F06-9CE2-13AAF86A324F}.Release|x64.ActiveCfg = Release|Any CPU
		{012C392D-B49F-4F06-9CE2-13AAF86A324F}.Release|x64.Build.0 = Release|Any CPU
		{012C392D-B49F-4F06-9CE2-13AAF86A324F}.Release|x86.ActiveCfg = Release|Any CPU
		{012C392D-B49F-4F06-9CE2-13AAF86A324F}.Release|x86.Build.0 = Release|Any CPU
		{F2B6E665-ED0E-4D64-AADB-5F3C984481DA}.Debug|Any CPU.ActiveCfg = Debug|Any CPU
		{F2B6E665-ED0E-4D64-AADB-5F3C984481DA}.Debug|Any CPU.Build.0 = Debug|Any CPU
		{F2B6E665-ED0E-4D64-AADB-5F3C984481DA}.Debug|x64.ActiveCfg = Debug|Any CPU
		{F2B6E665-ED0E-4D64-AADB-5F3C984481DA}.Debug|x64.Build.0 = Debug|Any CPU
		{F2B6E665-ED0E-4D64-AADB-5F3C984481DA}.Debug|x86.ActiveCfg = Debug|Any CPU
		{F2B6E665-ED0E-4D64-AADB-5F3C984481DA}.Debug|x86.Build.0 = Debug|Any CPU
		{F2B6E665-ED0E-4D64-AADB-5F3C984481DA}.Release|Any CPU.ActiveCfg = Release|Any CPU
		{F2B6E665-ED0E-4D64-AADB-5F3C984481DA}.Release|Any CPU.Build.0 = Release|Any CPU
		{F2B6E665-ED0E-4D64-AADB-5F3C984481DA}.Release|x64.ActiveCfg = Release|Any CPU
		{F2B6E665-ED0E-4D64-AADB-5F3C984481DA}.Release|x64.Build.0 = Release|Any CPU
		{F2B6E665-ED0E-4D64-AADB-5F3C984481DA}.Release|x86.ActiveCfg = Release|Any CPU
		{F2B6E665-ED0E-4D64-AADB-5F3C984481DA}.Release|x86.Build.0 = Release|Any CPU
		{E0860A09-FAA2-4D47-B1E2-CEBF9C6E7194}.Debug|Any CPU.ActiveCfg = Debug|Any CPU
		{E0860A09-FAA2-4D47-B1E2-CEBF9C6E7194}.Debug|Any CPU.Build.0 = Debug|Any CPU
		{E0860A09-FAA2-4D47-B1E2-CEBF9C6E7194}.Debug|x64.ActiveCfg = Debug|Any CPU
		{E0860A09-FAA2-4D47-B1E2-CEBF9C6E7194}.Debug|x64.Build.0 = Debug|Any CPU
		{E0860A09-FAA2-4D47-B1E2-CEBF9C6E7194}.Debug|x86.ActiveCfg = Debug|Any CPU
		{E0860A09-FAA2-4D47-B1E2-CEBF9C6E7194}.Debug|x86.Build.0 = Debug|Any CPU
		{E0860A09-FAA2-4D47-B1E2-CEBF9C6E7194}.Release|Any CPU.ActiveCfg = Release|Any CPU
		{E0860A09-FAA2-4D47-B1E2-CEBF9C6E7194}.Release|Any CPU.Build.0 = Release|Any CPU
		{E0860A09-FAA2-4D47-B1E2-CEBF9C6E7194}.Release|x64.ActiveCfg = Release|Any CPU
		{E0860A09-FAA2-4D47-B1E2-CEBF9C6E7194}.Release|x64.Build.0 = Release|Any CPU
		{E0860A09-FAA2-4D47-B1E2-CEBF9C6E7194}.Release|x86.ActiveCfg = Release|Any CPU
		{E0860A09-FAA2-4D47-B1E2-CEBF9C6E7194}.Release|x86.Build.0 = Release|Any CPU
	EndGlobalSection
	GlobalSection(SolutionProperties) = preSolution
		HideSolutionNode = FALSE
	EndGlobalSection
	GlobalSection(NestedProjects) = preSolution
		{F2B6E665-ED0E-4D64-AADB-5F3C984481DA} = {0AB3BF05-4346-4AA6-1389-037BE0695223}
		{E0860A09-FAA2-4D47-B1E2-CEBF9C6E7194} = {5D20AA90-6969-D8BD-9DCD-8634F4692FDA}
	EndGlobalSection
EndGlobal
